
Microsoft Visual Studio Solution File, Format Version 12.00
# Visual Studio Version 17
VisualStudioVersion = 17.4.33110.190
MinimumVisualStudioVersion = 10.0.40219.1
Project("{9A19103F-16F7-4668-BE54-9A1E7A4F7556}") = "Blazor_Application.Server", "Server\Blazor_Application.Server.csproj", "{603A8B4D-3EBA-471D-AEC1-743619747263}"
EndProject
Project("{9A19103F-16F7-4668-BE54-9A1E7A4F7556}") = "Blazor_Application.Client", "Client\Blazor_Application.Client.csproj", "{729D5898-7BC2-4A93-876A-732E2C58E16F}"
EndProject
Project("{9A19103F-16F7-4668-BE54-9A1E7A4F7556}") = "Blazor_Application.Shared", "Shared\Blazor_Application.Shared.csproj", "{BC3E7184-5023-4796-89F0-EFF9203A1B7A}"
EndProject
Global
	GlobalSection(SolutionConfigurationPlatforms) = preSolution
		Debug|Any CPU = Debug|Any CPU
		Release|Any CPU = Release|Any CPU
	EndGlobalSection
	GlobalSection(ProjectConfigurationPlatforms) = postSolution
		{603A8B4D-3EBA-471D-AEC1-743619747263}.Debug|Any CPU.ActiveCfg = Debug|Any CPU
		{603A8B4D-3EBA-471D-AEC1-743619747263}.Debug|Any CPU.Build.0 = Debug|Any CPU
		{603A8B4D-3EBA-471D-AEC1-743619747263}.Release|Any CPU.ActiveCfg = Release|Any CPU
		{603A8B4D-3EBA-471D-AEC1-743619747263}.Release|Any CPU.Build.0 = Release|Any CPU
		{729D5898-7BC2-4A93-876A-732E2C58E16F}.Debug|Any CPU.ActiveCfg = Debug|Any CPU
		{729D5898-7BC2-4A93-876A-732E2C58E16F}.Debug|Any CPU.Build.0 = Debug|Any CPU
		{729D5898-7BC2-4A93-876A-732E2C58E16F}.Release|Any CPU.ActiveCfg = Release|Any CPU
		{729D5898-7BC2-4A93-876A-732E2C58E16F}.Release|Any CPU.Build.0 = Release|Any CPU
		{BC3E7184-5023-4796-89F0-EFF9203A1B7A}.Debug|Any CPU.ActiveCfg = Debug|Any CPU
		{BC3E7184-5023-4796-89F0-EFF9203A1B7A}.Debug|Any CPU.Build.0 = Debug|Any CPU
		{BC3E7184-5023-4796-89F0-EFF9203A1B7A}.Release|Any CPU.ActiveCfg = Release|Any CPU
		{BC3E7184-5023-4796-89F0-EFF9203A1B7A}.Release|Any CPU.Build.0 = Release|Any CPU
	EndGlobalSection
	GlobalSection(SolutionProperties) = preSolution
		HideSolutionNode = FALSE
	EndGlobalSection
	GlobalSection(ExtensibilityGlobals) = postSolution
		SolutionGuid = {B00AC8CE-735D-407E-9EDF-2D905DB1FACB}
	EndGlobalSection
EndGlobal
